github.com/Man-Crest/Dog v0.0.0-20231228084757-8227f6e3287a h1:uYlLUmWMJLhm6Kl8wdga5LAeNyoBX+Fm/aD1bEcTbuc=
github.com/Man-Crest/Dog v0.0.0-20231228084757-8227f6e3287a/go.mod h1:Cr7+XyJB2jcqWmMh65HX9X5kI79sV4rhUbrPCuWoZ6s=
github.com/Man-Crest/Puppy-package v0.0.0-20231228085223-7fc2843ff6a5 h1:2kANkQ1daUI6pISfG677DKc/d8UZkjQlV4RUS5LoDeo=
github.com/Man-Crest/Puppy-package v0.0.0-20231228085223-7fc2843ff6a5/go.mod h1:9PFhZly6gME/w/v9JMl32D7oO9dKcbhTEa8vZefCxXo=
